
Microsoft Visual Studio Solution File, Format Version 12.00
# Visual Studio Version 17
VisualStudioVersion = 17.2.32602.215
MinimumVisualStudioVersion = 10.0.40219.1
Project("{FAE04EC0-301F-11D3-BF4B-00C04F79EFBC}") = "TaskTreeMD", "TaskTreeMD.csproj", "{B8E7067E-EF61-4232-8FDF-85A29669F6F6}"
EndProject
Global
	GlobalSection(SolutionConfigurationPlatforms) = preSolution
		Debug|Any CPU = Debug|Any CPU
		Release|Any CPU = Release|Any CPU
	EndGlobalSection
	GlobalSection(ProjectConfigurationPlatforms) = postSolution
		{B8E7067E-EF61-4232-8FDF-85A29669F6F6}.Debug|Any CPU.ActiveCfg = Debug|Any CPU
		{B8E7067E-EF61-4232-8FDF-85A29669F6F6}.Debug|Any CPU.Build.0 = Debug|Any CPU
		{B8E7067E-EF61-4232-8FDF-85A29669F6F6}.Release|Any CPU.ActiveCfg = Release|Any CPU
		{B8E7067E-EF61-4232-8FDF-85A29669F6F6}.Release|Any CPU.Build.0 = Release|Any CPU
	EndGlobalSection
	GlobalSection(SolutionProperties) = preSolution
		HideSolutionNode = FALSE
	EndGlobalSection
	GlobalSection(ExtensibilityGlobals) = postSolution
		SolutionGuid = {7FB14BC1-6C92-4395-91CF-E16E6FFA6FA4}
	EndGlobalSection
EndGlobal
